
Microsoft Visual Studio Solution File, Format Version 12.00
# Visual Studio Version 17
VisualStudioVersion = 17.14.36221.1
MinimumVisualStudioVersion = 10.0.40219.1
Project("{2150E333-8FDC-42A3-9474-1A3956D46DE8}") = "Services", "Services", "{02EA681E-C7D8-13C7-8484-4AC65E1B71E8}"
EndProject
Project("{2150E333-8FDC-42A3-9474-1A3956D46DE8}") = "Catalog", "Catalog", "{29EA8E68-EC69-4646-852B-91C6B413F6F8}"
EndProject
Project("{FAE04EC0-301F-11D3-BF4B-00C04F79EFBC}") = "MultiShop.Catalog", "Services\Catalog\MultiShop.Catalog\MultiShop.Catalog.csproj", "{4C09C94E-FED9-4D13-88D8-2843B4ECC9B4}"
EndProject
Project("{2150E333-8FDC-42A3-9474-1A3956D46DE8}") = "Discount", "Discount", "{C4E4CA83-F962-4B04-9CB2-264EED39CEAE}"
EndProject
Project("{FAE04EC0-301F-11D3-BF4B-00C04F79EFBC}") = "MultiShop.Discount", "Services\Discount\MultiShop.Discount\MultiShop.Discount.csproj", "{7BDBAB9D-E113-4D60-93FF-4F68835A43AA}"
EndProject
Project("{2150E333-8FDC-42A3-9474-1A3956D46DE8}") = "Order", "Order", "{02D99352-334A-424B-B719-DCE8B61904B0}"
EndProject
Project("{2150E333-8FDC-42A3-9474-1A3956D46DE8}") = "Core", "Core", "{76B2840F-0948-48DA-BCB8-6A362959BD48}"
EndProject
Project("{2150E333-8FDC-42A3-9474-1A3956D46DE8}") = "Infrastructure", "Infrastructure", "{43C1E289-1C02-43BA-9B92-5D7DA1546112}"
EndProject
Project("{2150E333-8FDC-42A3-9474-1A3956D46DE8}") = "Presentation", "Presentation", "{F1366F9D-AE4E-4E2E-87BD-32FAB4FD95D1}"
EndProject
Project("{FAE04EC0-301F-11D3-BF4B-00C04F79EFBC}") = "MultiShop.Order.Domain", "Services\Order\Core\MultiShop.Order.Domain\MultiShop.Order.Domain.csproj", "{7AFDBFF6-DA06-42E2-97EB-E353EBC6A745}"
EndProject
Project("{FAE04EC0-301F-11D3-BF4B-00C04F79EFBC}") = "MultiShop.Order.Application", "Services\Order\Core\MultiShop.Order.Application\MultiShop.Order.Application.csproj", "{343CD5B5-DE02-4303-BBD8-66729C8AEE70}"
EndProject
Project("{FAE04EC0-301F-11D3-BF4B-00C04F79EFBC}") = "MultiShop.Order.Persistence", "Services\Order\Infrastructre\MultiShop.Order.Persistence\MultiShop.Order.Persistence.csproj", "{3C1C9794-0DB3-45FD-8E23-592FE83B7B11}"
EndProject
Project("{FAE04EC0-301F-11D3-BF4B-00C04F79EFBC}") = "MultiShop.Order.WebApi", "Services\Order\Presentation\MultiShop.Order.WebApi\MultiShop.Order.WebApi.csproj", "{498FCB9F-BF6F-4497-B577-03727AA00451}"
EndProject
Project("{2150E333-8FDC-42A3-9474-1A3956D46DE8}") = "IdentityServer", "IdentityServer", "{0E5848D3-B852-40C9-8491-8C131F222162}"
EndProject
Project("{FAE04EC0-301F-11D3-BF4B-00C04F79EFBC}") = "MultiShop.IdentityServer", "IdentityServer\MultiShop.IdentityServer\MultiShop.IdentityServer.csproj", "{EA14094F-FB55-5ABC-1402-B4229C4AD0B1}"
EndProject
Project("{2150E333-8FDC-42A3-9474-1A3956D46DE8}") = "Requirements", "Requirements", "{C65980F2-C80B-45A3-858E-08C37ECA868B}"
	ProjectSection(SolutionItems) = preProject
		IdentityServerVersionErrorSolution.txt = IdentityServerVersionErrorSolution.txt
		PortainerCmd.txt = PortainerCmd.txt
	EndProjectSection
EndProject
Project("{2150E333-8FDC-42A3-9474-1A3956D46DE8}") = "Cargo", "Cargo", "{0774F32C-826E-40ED-8240-DF7BEBAB026F}"
EndProject
Project("{FAE04EC0-301F-11D3-BF4B-00C04F79EFBC}") = "MultiShop.Cargo.EntityLayer", "Services\Cargo\MultiShop.Cargo.EntityLayer\MultiShop.Cargo.EntityLayer.csproj", "{59863DF2-362E-4758-89F4-FAA6CCCC8B3A}"
EndProject
Project("{FAE04EC0-301F-11D3-BF4B-00C04F79EFBC}") = "MultiShop.Cargo.BusinessLayer", "Services\Cargo\MultiShop.Cargo.BusinessLayer\MultiShop.Cargo.BusinessLayer.csproj", "{6610C362-96A7-4DE7-BA5E-A9C4BB20D7EC}"
EndProject
Project("{FAE04EC0-301F-11D3-BF4B-00C04F79EFBC}") = "MultiShop.Cargo.DataAccessLayer", "Services\Cargo\MultiShop.Cargo.DataAccessLayer\MultiShop.Cargo.DataAccessLayer.csproj", "{F4043E36-48DD-4AE9-B4A1-CAB22C50E29B}"
EndProject
Project("{FAE04EC0-301F-11D3-BF4B-00C04F79EFBC}") = "MultiShop.Cargo.DtoLayer", "Services\Cargo\MultiShop.Cargo.DtoLayer\MultiShop.Cargo.DtoLayer.csproj", "{B41ADC51-E5B7-4093-B8B2-73B1C9CB0151}"
EndProject
Project("{FAE04EC0-301F-11D3-BF4B-00C04F79EFBC}") = "MultiShop.Cargo.WebApi", "Services\Cargo\MultiShop.Cargo.WebApi\MultiShop.Cargo.WebApi.csproj", "{6E0E82CC-EA5C-435A-873B-3CACE9B0D9D9}"
EndProject
Project("{2150E333-8FDC-42A3-9474-1A3956D46DE8}") = "Basket", "Basket", "{BC3E30D9-4E00-430D-8255-613C08AACC8A}"
EndProject
Project("{FAE04EC0-301F-11D3-BF4B-00C04F79EFBC}") = "MultiShop.Basket", "Services\Basket\MultiShop.Basket\MultiShop.Basket.csproj", "{DB999468-8B64-4A95-8B77-5B89B1F4D11C}"
EndProject
Project("{2150E333-8FDC-42A3-9474-1A3956D46DE8}") = "Frontends", "Frontends", "{E2510549-A58B-4960-A476-1C8E2A27CEE7}"
EndProject
Project("{FAE04EC0-301F-11D3-BF4B-00C04F79EFBC}") = "MultiShop.WebUI", "Frontends\MultiShop.WebUI\MultiShop.WebUI.csproj", "{1E406FB5-11BC-4C5A-A068-9163C51E4B04}"
EndProject
Project("{FAE04EC0-301F-11D3-BF4B-00C04F79EFBC}") = "MultiShop.DtoLayer", "Frontends\MultiShop.DtoLayer\MultiShop.DtoLayer.csproj", "{58BD310D-8793-4D8C-9796-A21D0B14F95A}"
EndProject
Global
	GlobalSection(SolutionConfigurationPlatforms) = preSolution
		Debug|Any CPU = Debug|Any CPU
		Release|Any CPU = Release|Any CPU
	EndGlobalSection
	GlobalSection(ProjectConfigurationPlatforms) = postSolution
		{4C09C94E-FED9-4D13-88D8-2843B4ECC9B4}.Debug|Any CPU.ActiveCfg = Debug|Any CPU
		{4C09C94E-FED9-4D13-88D8-2843B4ECC9B4}.Debug|Any CPU.Build.0 = Debug|Any CPU
		{4C09C94E-FED9-4D13-88D8-2843B4ECC9B4}.Release|Any CPU.ActiveCfg = Release|Any CPU
		{4C09C94E-FED9-4D13-88D8-2843B4ECC9B4}.Release|Any CPU.Build.0 = Release|Any CPU
		{7BDBAB9D-E113-4D60-93FF-4F68835A43AA}.Debug|Any CPU.ActiveCfg = Debug|Any CPU
		{7BDBAB9D-E113-4D60-93FF-4F68835A43AA}.Debug|Any CPU.Build.0 = Debug|Any CPU
		{7BDBAB9D-E113-4D60-93FF-4F68835A43AA}.Release|Any CPU.ActiveCfg = Release|Any CPU
		{7BDBAB9D-E113-4D60-93FF-4F68835A43AA}.Release|Any CPU.Build.0 = Release|Any CPU
		{7AFDBFF6-DA06-42E2-97EB-E353EBC6A745}.Debug|Any CPU.ActiveCfg = Debug|Any CPU
		{7AFDBFF6-DA06-42E2-97EB-E353EBC6A745}.Debug|Any CPU.Build.0 = Debug|Any CPU
		{7AFDBFF6-DA06-42E2-97EB-E353EBC6A745}.Release|Any CPU.ActiveCfg = Release|Any CPU
		{7AFDBFF6-DA06-42E2-97EB-E353EBC6A745}.Release|Any CPU.Build.0 = Release|Any CPU
		{343CD5B5-DE02-4303-BBD8-66729C8AEE70}.Debug|Any CPU.ActiveCfg = Debug|Any CPU
		{343CD5B5-DE02-4303-BBD8-66729C8AEE70}.Debug|Any CPU.Build.0 = Debug|Any CPU
		{343CD5B5-DE02-4303-BBD8-66729C8AEE70}.Release|Any CPU.ActiveCfg = Release|Any CPU
		{343CD5B5-DE02-4303-BBD8-66729C8AEE70}.Release|Any CPU.Build.0 = Release|Any CPU
		{3C1C9794-0DB3-45FD-8E23-592FE83B7B11}.Debug|Any CPU.ActiveCfg = Debug|Any CPU
		{3C1C9794-0DB3-45FD-8E23-592FE83B7B11}.Debug|Any CPU.Build.0 = Debug|Any CPU
		{3C1C9794-0DB3-45FD-8E23-592FE83B7B11}.Release|Any CPU.ActiveCfg = Release|Any CPU
		{3C1C9794-0DB3-45FD-8E23-592FE83B7B11}.Release|Any CPU.Build.0 = Release|Any CPU
		{498FCB9F-BF6F-4497-B577-03727AA00451}.Debug|Any CPU.ActiveCfg = Debug|Any CPU
		{498FCB9F-BF6F-4497-B577-03727AA00451}.Debug|Any CPU.Build.0 = Debug|Any CPU
		{498FCB9F-BF6F-4497-B577-03727AA00451}.Release|Any CPU.ActiveCfg = Release|Any CPU
		{498FCB9F-BF6F-4497-B577-03727AA00451}.Release|Any CPU.Build.0 = Release|Any CPU
		{EA14094F-FB55-5ABC-1402-B4229C4AD0B1}.Debug|Any CPU.ActiveCfg = Debug|Any CPU
		{EA14094F-FB55-5ABC-1402-B4229C4AD0B1}.Debug|Any CPU.Build.0 = Debug|Any CPU
		{EA14094F-FB55-5ABC-1402-B4229C4AD0B1}.Release|Any CPU.ActiveCfg = Release|Any CPU
		{EA14094F-FB55-5ABC-1402-B4229C4AD0B1}.Release|Any CPU.Build.0 = Release|Any CPU
		{59863DF2-362E-4758-89F4-FAA6CCCC8B3A}.Debug|Any CPU.ActiveCfg = Debug|Any CPU
		{59863DF2-362E-4758-89F4-FAA6CCCC8B3A}.Debug|Any CPU.Build.0 = Debug|Any CPU
		{59863DF2-362E-4758-89F4-FAA6CCCC8B3A}.Release|Any CPU.ActiveCfg = Release|Any CPU
		{59863DF2-362E-4758-89F4-FAA6CCCC8B3A}.Release|Any CPU.Build.0 = Release|Any CPU
		{6610C362-96A7-4DE7-BA5E-A9C4BB20D7EC}.Debug|Any CPU.ActiveCfg = Debug|Any CPU
		{6610C362-96A7-4DE7-BA5E-A9C4BB20D7EC}.Debug|Any CPU.Build.0 = Debug|Any CPU
		{6610C362-96A7-4DE7-BA5E-A9C4BB20D7EC}.Release|Any CPU.ActiveCfg = Release|Any CPU
		{6610C362-96A7-4DE7-BA5E-A9C4BB20D7EC}.Release|Any CPU.Build.0 = Release|Any CPU
		{F4043E36-48DD-4AE9-B4A1-CAB22C50E29B}.Debug|Any CPU.ActiveCfg = Debug|Any CPU
		{F4043E36-48DD-4AE9-B4A1-CAB22C50E29B}.Debug|Any CPU.Build.0 = Debug|Any CPU
		{F4043E36-48DD-4AE9-B4A1-CAB22C50E29B}.Release|Any CPU.ActiveCfg = Release|Any CPU
		{F4043E36-48DD-4AE9-B4A1-CAB22C50E29B}.Release|Any CPU.Build.0 = Release|Any CPU
		{B41ADC51-E5B7-4093-B8B2-73B1C9CB0151}.Debug|Any CPU.ActiveCfg = Debug|Any CPU
		{B41ADC51-E5B7-4093-B8B2-73B1C9CB0151}.Debug|Any CPU.Build.0 = Debug|Any CPU
		{B41ADC51-E5B7-4093-B8B2-73B1C9CB0151}.Release|Any CPU.ActiveCfg = Release|Any CPU
		{B41ADC51-E5B7-4093-B8B2-73B1C9CB0151}.Release|Any CPU.Build.0 = Release|Any CPU
		{6E0E82CC-EA5C-435A-873B-3CACE9B0D9D9}.Debug|Any CPU.ActiveCfg = Debug|Any CPU
		{6E0E82CC-EA5C-435A-873B-3CACE9B0D9D9}.Debug|Any CPU.Build.0 = Debug|Any CPU
		{6E0E82CC-EA5C-435A-873B-3CACE9B0D9D9}.Release|Any CPU.ActiveCfg = Release|Any CPU
		{6E0E82CC-EA5C-435A-873B-3CACE9B0D9D9}.Release|Any CPU.Build.0 = Release|Any CPU
		{DB999468-8B64-4A95-8B77-5B89B1F4D11C}.Debug|Any CPU.ActiveCfg = Debug|Any CPU
		{DB999468-8B64-4A95-8B77-5B89B1F4D11C}.Debug|Any CPU.Build.0 = Debug|Any CPU
		{DB999468-8B64-4A95-8B77-5B89B1F4D11C}.Release|Any CPU.ActiveCfg = Release|Any CPU
		{DB999468-8B64-4A95-8B77-5B89B1F4D11C}.Release|Any CPU.Build.0 = Release|Any CPU
		{1E406FB5-11BC-4C5A-A068-9163C51E4B04}.Debug|Any CPU.ActiveCfg = Debug|Any CPU
		{1E406FB5-11BC-4C5A-A068-9163C51E4B04}.Debug|Any CPU.Build.0 = Debug|Any CPU
		{1E406FB5-11BC-4C5A-A068-9163C51E4B04}.Release|Any CPU.ActiveCfg = Release|Any CPU
		{1E406FB5-11BC-4C5A-A068-9163C51E4B04}.Release|Any CPU.Build.0 = Release|Any CPU
		{58BD310D-8793-4D8C-9796-A21D0B14F95A}.Debug|Any CPU.ActiveCfg = Debug|Any CPU
		{58BD310D-8793-4D8C-9796-A21D0B14F95A}.Debug|Any CPU.Build.0 = Debug|Any CPU
		{58BD310D-8793-4D8C-9796-A21D0B14F95A}.Release|Any CPU.ActiveCfg = Release|Any CPU
		{58BD310D-8793-4D8C-9796-A21D0B14F95A}.Release|Any CPU.Build.0 = Release|Any CPU
	EndGlobalSection
	GlobalSection(SolutionProperties) = preSolution
		HideSolutionNode = FALSE
	EndGlobalSection
	GlobalSection(NestedProjects) = preSolution
		{29EA8E68-EC69-4646-852B-91C6B413F6F8} = {02EA681E-C7D8-13C7-8484-4AC65E1B71E8}
		{4C09C94E-FED9-4D13-88D8-2843B4ECC9B4} = {29EA8E68-EC69-4646-852B-91C6B413F6F8}
		{C4E4CA83-F962-4B04-9CB2-264EED39CEAE} = {02EA681E-C7D8-13C7-8484-4AC65E1B71E8}
		{7BDBAB9D-E113-4D60-93FF-4F68835A43AA} = {C4E4CA83-F962-4B04-9CB2-264EED39CEAE}
		{02D99352-334A-424B-B719-DCE8B61904B0} = {02EA681E-C7D8-13C7-8484-4AC65E1B71E8}
		{76B2840F-0948-48DA-BCB8-6A362959BD48} = {02D99352-334A-424B-B719-DCE8B61904B0}
		{43C1E289-1C02-43BA-9B92-5D7DA1546112} = {02D99352-334A-424B-B719-DCE8B61904B0}
		{F1366F9D-AE4E-4E2E-87BD-32FAB4FD95D1} = {02D99352-334A-424B-B719-DCE8B61904B0}
		{7AFDBFF6-DA06-42E2-97EB-E353EBC6A745} = {76B2840F-0948-48DA-BCB8-6A362959BD48}
		{343CD5B5-DE02-4303-BBD8-66729C8AEE70} = {76B2840F-0948-48DA-BCB8-6A362959BD48}
		{3C1C9794-0DB3-45FD-8E23-592FE83B7B11} = {43C1E289-1C02-43BA-9B92-5D7DA1546112}
		{498FCB9F-BF6F-4497-B577-03727AA00451} = {F1366F9D-AE4E-4E2E-87BD-32FAB4FD95D1}
		{EA14094F-FB55-5ABC-1402-B4229C4AD0B1} = {0E5848D3-B852-40C9-8491-8C131F222162}
		{0774F32C-826E-40ED-8240-DF7BEBAB026F} = {02EA681E-C7D8-13C7-8484-4AC65E1B71E8}
		{59863DF2-362E-4758-89F4-FAA6CCCC8B3A} = {0774F32C-826E-40ED-8240-DF7BEBAB026F}
		{6610C362-96A7-4DE7-BA5E-A9C4BB20D7EC} = {0774F32C-826E-40ED-8240-DF7BEBAB026F}
		{F4043E36-48DD-4AE9-B4A1-CAB22C50E29B} = {0774F32C-826E-40ED-8240-DF7BEBAB026F}
		{B41ADC51-E5B7-4093-B8B2-73B1C9CB0151} = {0774F32C-826E-40ED-8240-DF7BEBAB026F}
		{6E0E82CC-EA5C-435A-873B-3CACE9B0D9D9} = {0774F32C-826E-40ED-8240-DF7BEBAB026F}
		{BC3E30D9-4E00-430D-8255-613C08AACC8A} = {02EA681E-C7D8-13C7-8484-4AC65E1B71E8}
		{DB999468-8B64-4A95-8B77-5B89B1F4D11C} = {BC3E30D9-4E00-430D-8255-613C08AACC8A}
		{1E406FB5-11BC-4C5A-A068-9163C51E4B04} = {E2510549-A58B-4960-A476-1C8E2A27CEE7}
		{58BD310D-8793-4D8C-9796-A21D0B14F95A} = {E2510549-A58B-4960-A476-1C8E2A27CEE7}
	EndGlobalSection
	GlobalSection(ExtensibilityGlobals) = postSolution
		SolutionGuid = {55F57D4E-2D66-4723-85B2-27100A9B0CC8}
	EndGlobalSection
EndGlobal
