
Microsoft Visual Studio Solution File, Format Version 12.00
# Visual Studio Version 17
VisualStudioVersion = 17.14.36221.1
MinimumVisualStudioVersion = 10.0.40219.1
Project("{2150E333-8FDC-42A3-9474-1A3956D46DE8}") = "Services", "Services", "{02EA681E-C7D8-13C7-8484-4AC65E1B71E8}"
EndProject
Project("{2150E333-8FDC-42A3-9474-1A3956D46DE8}") = "Catalog", "Catalog", "{29EA8E68-EC69-4646-852B-91C6B413F6F8}"
EndProject
Project("{FAE04EC0-301F-11D3-BF4B-00C04F79EFBC}") = "MultiShop.Catalog", "Services\Catalog\MultiShop.Catalog\MultiShop.Catalog.csproj", "{4C09C94E-FED9-4D13-88D8-2843B4ECC9B4}"
EndProject
Project("{2150E333-8FDC-42A3-9474-1A3956D46DE8}") = "Discount", "Discount", "{C4E4CA83-F962-4B04-9CB2-264EED39CEAE}"
EndProject
Project("{FAE04EC0-301F-11D3-BF4B-00C04F79EFBC}") = "MultiShop.Discount", "Services\Discount\MultiShop.Discount\MultiShop.Discount.csproj", "{7BDBAB9D-E113-4D60-93FF-4F68835A43AA}"
EndProject
Project("{2150E333-8FDC-42A3-9474-1A3956D46DE8}") = "Order", "Order", "{02D99352-334A-424B-B719-DCE8B61904B0}"
EndProject
Project("{2150E333-8FDC-42A3-9474-1A3956D46DE8}") = "Core", "Core", "{76B2840F-0948-48DA-BCB8-6A362959BD48}"
EndProject
Project("{2150E333-8FDC-42A3-9474-1A3956D46DE8}") = "Infrastructure", "Infrastructure", "{43C1E289-1C02-43BA-9B92-5D7DA1546112}"
EndProject
Project("{2150E333-8FDC-42A3-9474-1A3956D46DE8}") = "Presentation", "Presentation", "{F1366F9D-AE4E-4E2E-87BD-32FAB4FD95D1}"
EndProject
Project("{FAE04EC0-301F-11D3-BF4B-00C04F79EFBC}") = "MultiShop.Order.Domain", "Services\Order\Core\MultiShop.Order.Domain\MultiShop.Order.Domain.csproj", "{7AFDBFF6-DA06-42E2-97EB-E353EBC6A745}"
EndProject
Project("{FAE04EC0-301F-11D3-BF4B-00C04F79EFBC}") = "MultiShop.Order.Application", "Services\Order\Core\MultiShop.Order.Application\MultiShop.Order.Application.csproj", "{343CD5B5-DE02-4303-BBD8-66729C8AEE70}"
EndProject
Project("{FAE04EC0-301F-11D3-BF4B-00C04F79EFBC}") = "MultiShop.Order.Persistence", "Services\Order\Infrastructre\MultiShop.Order.Persistence\MultiShop.Order.Persistence.csproj", "{3C1C9794-0DB3-45FD-8E23-592FE83B7B11}"
EndProject
Project("{FAE04EC0-301F-11D3-BF4B-00C04F79EFBC}") = "MultiShop.Order.WebApi", "Services\Order\Presentation\MultiShop.Order.WebApi\MultiShop.Order.WebApi.csproj", "{498FCB9F-BF6F-4497-B577-03727AA00451}"
EndProject
Project("{2150E333-8FDC-42A3-9474-1A3956D46DE8}") = "IdentityServer", "IdentityServer", "{0E5848D3-B852-40C9-8491-8C131F222162}"
EndProject
Project("{FAE04EC0-301F-11D3-BF4B-00C04F79EFBC}") = "MultiShop.IdentityServer", "IdentityServer\MultiShop.IdentityServer\MultiShop.IdentityServer.csproj", "{EA14094F-FB55-5ABC-1402-B4229C4AD0B1}"
EndProject
Project("{2150E333-8FDC-42A3-9474-1A3956D46DE8}") = "Requirements", "Requirements", "{C65980F2-C80B-45A3-858E-08C37ECA868B}"
	ProjectSection(SolutionItems) = preProject
		IdentityServerVersionErrorSolution.txt = IdentityServerVersionErrorSolution.txt
		PortainerCmd.txt = PortainerCmd.txt
	EndProjectSection
EndProject
Project("{2150E333-8FDC-42A3-9474-1A3956D46DE8}") = "Cargo", "Cargo", "{0774F32C-826E-40ED-8240-DF7BEBAB026F}"
EndProject
Global
	GlobalSection(SolutionConfigurationPlatforms) = preSolution
		Debug|Any CPU = Debug|Any CPU
		Release|Any CPU = Release|Any CPU
	EndGlobalSection
	GlobalSection(ProjectConfigurationPlatforms) = postSolution
		{4C09C94E-FED9-4D13-88D8-2843B4ECC9B4}.Debug|Any CPU.ActiveCfg = Debug|Any CPU
		{4C09C94E-FED9-4D13-88D8-2843B4ECC9B4}.Debug|Any CPU.Build.0 = Debug|Any CPU
		{4C09C94E-FED9-4D13-88D8-2843B4ECC9B4}.Release|Any CPU.ActiveCfg = Release|Any CPU
		{4C09C94E-FED9-4D13-88D8-2843B4ECC9B4}.Release|Any CPU.Build.0 = Release|Any CPU
		{7BDBAB9D-E113-4D60-93FF-4F68835A43AA}.Debug|Any CPU.ActiveCfg = Debug|Any CPU
		{7BDBAB9D-E113-4D60-93FF-4F68835A43AA}.Debug|Any CPU.Build.0 = Debug|Any CPU
		{7BDBAB9D-E113-4D60-93FF-4F68835A43AA}.Release|Any CPU.ActiveCfg = Release|Any CPU
		{7BDBAB9D-E113-4D60-93FF-4F68835A43AA}.Release|Any CPU.Build.0 = Release|Any CPU
		{7AFDBFF6-DA06-42E2-97EB-E353EBC6A745}.Debug|Any CPU.ActiveCfg = Debug|Any CPU
		{7AFDBFF6-DA06-42E2-97EB-E353EBC6A745}.Debug|Any CPU.Build.0 = Debug|Any CPU
		{7AFDBFF6-DA06-42E2-97EB-E353EBC6A745}.Release|Any CPU.ActiveCfg = Release|Any CPU
		{7AFDBFF6-DA06-42E2-97EB-E353EBC6A745}.Release|Any CPU.Build.0 = Release|Any CPU
		{343CD5B5-DE02-4303-BBD8-66729C8AEE70}.Debug|Any CPU.ActiveCfg = Debug|Any CPU
		{343CD5B5-DE02-4303-BBD8-66729C8AEE70}.Debug|Any CPU.Build.0 = Debug|Any CPU
		{343CD5B5-DE02-4303-BBD8-66729C8AEE70}.Release|Any CPU.ActiveCfg = Release|Any CPU
		{343CD5B5-DE02-4303-BBD8-66729C8AEE70}.Release|Any CPU.Build.0 = Release|Any CPU
		{3C1C9794-0DB3-45FD-8E23-592FE83B7B11}.Debug|Any CPU.ActiveCfg = Debug|Any CPU
		{3C1C9794-0DB3-45FD-8E23-592FE83B7B11}.Debug|Any CPU.Build.0 = Debug|Any CPU
		{3C1C9794-0DB3-45FD-8E23-592FE83B7B11}.Release|Any CPU.ActiveCfg = Release|Any CPU
		{3C1C9794-0DB3-45FD-8E23-592FE83B7B11}.Release|Any CPU.Build.0 = Release|Any CPU
		{498FCB9F-BF6F-4497-B577-03727AA00451}.Debug|Any CPU.ActiveCfg = Debug|Any CPU
		{498FCB9F-BF6F-4497-B577-03727AA00451}.Debug|Any CPU.Build.0 = Debug|Any CPU
		{498FCB9F-BF6F-4497-B577-03727AA00451}.Release|Any CPU.ActiveCfg = Release|Any CPU
		{498FCB9F-BF6F-4497-B577-03727AA00451}.Release|Any CPU.Build.0 = Release|Any CPU
		{EA14094F-FB55-5ABC-1402-B4229C4AD0B1}.Debug|Any CPU.ActiveCfg = Debug|Any CPU
		{EA14094F-FB55-5ABC-1402-B4229C4AD0B1}.Debug|Any CPU.Build.0 = Debug|Any CPU
		{EA14094F-FB55-5ABC-1402-B4229C4AD0B1}.Release|Any CPU.ActiveCfg = Release|Any CPU
		{EA14094F-FB55-5ABC-1402-B4229C4AD0B1}.Release|Any CPU.Build.0 = Release|Any CPU
	EndGlobalSection
	GlobalSection(SolutionProperties) = preSolution
		HideSolutionNode = FALSE
	EndGlobalSection
	GlobalSection(NestedProjects) = preSolution
		{29EA8E68-EC69-4646-852B-91C6B413F6F8} = {02EA681E-C7D8-13C7-8484-4AC65E1B71E8}
		{4C09C94E-FED9-4D13-88D8-2843B4ECC9B4} = {29EA8E68-EC69-4646-852B-91C6B413F6F8}
		{C4E4CA83-F962-4B04-9CB2-264EED39CEAE} = {02EA681E-C7D8-13C7-8484-4AC65E1B71E8}
		{7BDBAB9D-E113-4D60-93FF-4F68835A43AA} = {C4E4CA83-F962-4B04-9CB2-264EED39CEAE}
		{02D99352-334A-424B-B719-DCE8B61904B0} = {02EA681E-C7D8-13C7-8484-4AC65E1B71E8}
		{76B2840F-0948-48DA-BCB8-6A362959BD48} = {02D99352-334A-424B-B719-DCE8B61904B0}
		{43C1E289-1C02-43BA-9B92-5D7DA1546112} = {02D99352-334A-424B-B719-DCE8B61904B0}
		{F1366F9D-AE4E-4E2E-87BD-32FAB4FD95D1} = {02D99352-334A-424B-B719-DCE8B61904B0}
		{7AFDBFF6-DA06-42E2-97EB-E353EBC6A745} = {76B2840F-0948-48DA-BCB8-6A362959BD48}
		{343CD5B5-DE02-4303-BBD8-66729C8AEE70} = {76B2840F-0948-48DA-BCB8-6A362959BD48}
		{3C1C9794-0DB3-45FD-8E23-592FE83B7B11} = {43C1E289-1C02-43BA-9B92-5D7DA1546112}
		{498FCB9F-BF6F-4497-B577-03727AA00451} = {F1366F9D-AE4E-4E2E-87BD-32FAB4FD95D1}
		{EA14094F-FB55-5ABC-1402-B4229C4AD0B1} = {0E5848D3-B852-40C9-8491-8C131F222162}
		{0774F32C-826E-40ED-8240-DF7BEBAB026F} = {02EA681E-C7D8-13C7-8484-4AC65E1B71E8}
	EndGlobalSection
	GlobalSection(ExtensibilityGlobals) = postSolution
		SolutionGuid = {55F57D4E-2D66-4723-85B2-27100A9B0CC8}
	EndGlobalSection
EndGlobal
